// !$*UTF8*$!
{
	archiveVersion = 1;
	classes = {
	};
	objectVersion = 46;
	objects = {

/* Begin PBXBuildFile section */
		CE76D94B1C586FDE0005A474 /* main.m in Sources */ = {isa = PBXBuildFile; fileRef = CE76D94A1C586FDE0005A474 /* main.m */; };
		CE76D94E1C586FDE0005A474 /* AppDelegate.m in Sources */ = {isa = PBXBuildFile; fileRef = CE76D94D1C586FDE0005A474 /* AppDelegate.m */; };
		CE76D9511C586FDE0005A474 /* ViewController.m in Sources */ = {isa = PBXBuildFile; fileRef = CE76D9501C586FDE0005A474 /* ViewController.m */; };
		CE76D9541C586FDE0005A474 /* Main.storyboard in Resources */ = {isa = PBXBuildFile; fileRef = CE76D9521C586FDE0005A474 /* Main.storyboard */; };
		CE76D9561C586FDE0005A474 /* Assets.xcassets in Resources */ = {isa = PBXBuildFile; fileRef = CE76D9551C586FDE0005A474 /* Assets.xcassets */; };
		CE76D9591C586FDE0005A474 /* LaunchScreen.storyboard in Resources */ = {isa = PBXBuildFile; fileRef = CE76D9571C586FDE0005A474 /* LaunchScreen.storyboard */; };
		CE76D9621C586FF70005A474 /* NSUserDefaults+saveBlock.m in Sources */ = {isa = PBXBuildFile; fileRef = CE76D9611C586FF70005A474 /* NSUserDefaults+saveBlock.m */; };
/* End PBXBuildFile section */

/* Begin PBXFileReference section */
		CE76D9461C586FDE0005A474 /* 链式block.app */ = {isa = PBXFileReference; explicitFileType = wrapper.application; includeInIndex = 0; path = "链式block.app"; sourceTree = BUILT_PRODUCTS_DIR; };
		CE76D94A1C586FDE0005A474 /* main.m */ = {isa = PBXFileReference; lastKnownFileType = sourcecode.c.objc; path = main.m; sourceTree = "<group>"; };
		CE76D94C1C586FDE0005A474 /* AppDelegate.h */ = {isa = PBXFileReference; lastKnownFileType = sourcecode.c.h; path = AppDelegate.h; sourceTree = "<group>"; };
		CE76D94D1C586FDE0005A474 /* AppDelegate.m */ = {isa = PBXFileReference; lastKnownFileType = sourcecode.c.objc; path = AppDelegate.m; sourceTree = "<group>"; };
		CE76D94F1C586FDE0005A474 /* ViewController.h */ = {isa = PBXFileReference; lastKnownFileType = sourcecode.c.h; path = ViewController.h; sourceTree = "<group>"; };
		CE76D9501C586FDE0005A474 /* ViewController.m */ = {isa = PBXFileReference; lastKnownFileType = sourcecode.c.objc; path = ViewController.m; sourceTree = "<group>"; };
		CE76D9531C586FDE0005A474 /* Base */ = {isa = PBXFileReference; lastKnownFileType = file.storyboard; name = Base; path = Base.lproj/Main.storyboard; sourceTree = "<group>"; };
		CE76D9551C586FDE0005A474 /* Assets.xcassets */ = {isa = PBXFileReference; lastKnownFileType = folder.assetcatalog; path = Assets.xcassets; sourceTree = "<group>"; };
		CE76D9581C586FDE0005A474 /* Base */ = {isa = PBXFileReference; lastKnownFileType = file.storyboard; name = Base; path = Base.lproj/LaunchScreen.storyboard; sourceTree = "<group>"; };
		CE76D95A1C586FDE0005A474 /* Info.plist */ = {isa = PBXFileReference; lastKnownFileType = text.plist.xml; path = Info.plist; sourceTree = "<group>"; };
		CE76D9601C586FF70005A474 /* NSUserDefaults+saveBlock.h */ = {isa = PBXFileReference; fileEncoding = 4; lastKnownFileType = sourcecode.c.h; path = "NSUserDefaults+saveBlock.h"; sourceTree = "<group>"; };
		CE76D9611C586FF70005A474 /* NSUserDefaults+saveBlock.m */ = {isa = PBXFileReference; fileEncoding = 4; lastKnownFileType = sourcecode.c.objc; path = "NSUserDefaults+saveBlock.m"; sourceTree = "<group>"; };
/* End PBXFileReference section */

/* Begin PBXFrameworksBuildPhase section */
		CE76D9431C586FDE0005A474 /* Frameworks */ = {
			isa = PBXFrameworksBuildPhase;
			buildActionMask = 2147483647;
			files = (
			);
			runOnlyForDeploymentPostprocessing = 0;
		};
/* End PBXFrameworksBuildPhase section */

/* Begin PBXGroup section */
		CE76D93D1C586FDE0005A474 = {
			isa = PBXGroup;
			children = (
				CE76D9481C586FDE0005A474 /* 链式block */,
				CE76D9471C586FDE0005A474 /* Products */,
			);
			sourceTree = "<group>";
		};
		CE76D9471C586FDE0005A474 /* Products */ = {
			isa = PBXGroup;
			children = (
				CE76D9461C586FDE0005A474 /* 链式block.app */,
			);
			name = Products;
			sourceTree = "<group>";
		};
		CE76D9481C586FDE0005A474 /* 链式block */ = {
			isa = PBXGroup;
			children = (
				CE76D94C1C586FDE0005A474 /* AppDelegate.h */,
				CE76D94D1C586FDE0005A474 /* AppDelegate.m */,
				CE76D94F1C586FDE0005A474 /* ViewController.h */,
				CE76D9501C586FDE0005A474 /* ViewController.m */,
				CE76D9521C586FDE0005A474 /* Main.storyboard */,
				CE76D9551C586FDE0005A474 /* Assets.xcassets */,
				CE76D9571C586FDE0005A474 /* LaunchScreen.storyboard */,
				CE76D95A1C586FDE0005A474 /* Info.plist */,
				CE76D9491C586FDE0005A474 /* Supporting Files */,
				CE76D9601C586FF70005A474 /* NSUserDefaults+saveBlock.h */,
				CE76D9611C586FF70005A474 /* NSUserDefaults+saveBlock.m */,
			);
			path = "链式block";
			sourceTree = "<group>";
		};
		CE76D9491C586FDE0005A474 /* Supporting Files */ = {
			isa = PBXGroup;
			children = (
				CE76D94A1C586FDE0005A474 /* main.m */,
			);
			name = "Supporting Files";
			sourceTree = "<group>";
		};
/* End PBXGroup section */

/* Begin PBXNativeTarget section */
		CE76D9451C586FDE0005A474 /* 链式block */ = {
			isa = PBXNativeTarget;
			buildConfigurationList = CE76D95D1C586FDE0005A474 /* Build configuration list for PBXNativeTarget "链式block" */;
			buildPhases = (
				CE76D9421C586FDE0005A474 /* Sources */,
				CE76D9431C586FDE0005A474 /* Frameworks */,
				CE76D9441C586FDE0005A474 /* Resources */,
			);
			buildRules = (
			);
			dependencies = (
			);
			name = "链式block";
			productName = "链式block";
			productReference = CE76D9461C586FDE0005A474 /* 链式block.app */;
			productType = "com.apple.product-type.application";
		};
/* End PBXNativeTarget section */

/* Begin PBXProject section */
		CE76D93E1C586FDE0005A474 /* Project object */ = {
			isa = PBXProject;
			attributes = {
				LastUpgradeCheck = 0720;
				ORGANIZATIONNAME = mobin;
				TargetAttributes = {
					CE76D9451C586FDE0005A474 = {
						CreatedOnToolsVersion = 7.2;
					};
				};
			};
			buildConfigurationList = CE76D9411C586FDE0005A474 /* Build configuration list for PBXProject "链式block" */;
			compatibilityVersion = "Xcode 3.2";
			developmentRegion = English;
			hasScannedForEncodings = 0;
			knownRegions = (
				en,
				Base,
			);
			mainGroup = CE76D93D1C586FDE0005A474;
			productRefGroup = CE76D9471C586FDE0005A474 /* Products */;
			projectDirPath = "";
			projectRoot = "";
			targets = (
				CE76D9451C586FDE0005A474 /* 链式block */,
			);
		};
/* End PBXProject section */

/* Begin PBXResourcesBuildPhase section */
		CE76D9441C586FDE0005A474 /* Resources */ = {
			isa = PBXResourcesBuildPhase;
			buildActionMask = 2147483647;
			files = (
				CE76D9591C586FDE0005A474 /* LaunchScreen.storyboard in Resources */,
				CE76D9561C586FDE0005A474 /* Assets.xcassets in Resources */,
				CE76D9541C586FDE0005A474 /* Main.storyboard in Resources */,
			);
			runOnlyForDeploymentPostprocessing = 0;
		};
/* End PBXResourcesBuildPhase section */

/* Begin PBXSourcesBuildPhase section */
		CE76D9421C586FDE0005A474 /* Sources */ = {
			isa = PBXSourcesBuildPhase;
			buildActionMask = 2147483647;
			files = (
				CE76D9511C586FDE0005A474 /* ViewController.m in Sources */,
				CE76D94E1C586FDE0005A474 /* AppDelegate.m in Sources */,
				CE76D9621C586FF70005A474 /* NSUserDefaults+saveBlock.m in Sources */,
				CE76D94B1C586FDE0005A474 /* main.m in Sources */,
			);
			runOnlyForDeploymentPostprocessing = 0;
		};
/* End PBXSourcesBuildPhase section */

/* Begin PBXVariantGroup section */
		CE76D9521C586FDE0005A474 /* Main.storyboard */ = {
			isa = PBXVariantGroup;
			children = (
				CE76D9531C586FDE0005A474 /* Base */,
			);
			name = Main.storyboard;
			sourceTree = "<group>";
		};
		CE76D9571C586FDE0005A474 /* LaunchScreen.storyboard */ = {
			isa = PBXVariantGroup;
			children = (
				CE76D9581C586FDE0005A474 /* Base */,
			);
			name = LaunchScreen.storyboard;
			sourceTree = "<group>";
		};
/* End PBXVariantGroup section */

/* Begin XCBuildConfiguration section */
		CE76D95B1C586FDE0005A474 /* Debug */ = {
			isa = XCBuildConfiguration;
			buildSettings = {
				ALWAYS_SEARCH_USER_PATHS = NO;
				CLANG_CXX_LANGUAGE_STANDARD = "gnu++0x";
				CLANG_CXX_LIBRARY = "libc++";
				CLANG_ENABLE_MODULES = YES;
				CLANG_ENABLE_OBJC_ARC = YES;
				CLANG_WARN_BOOL_CONVERSION = YES;
				CLANG_WARN_CONSTANT_CONVERSION = YES;
				CLANG_WARN_DIRECT_OBJC_ISA_USAGE = YES_ERROR;
				CLANG_WARN_EMPTY_BODY = YES;
				CLANG_WARN_ENUM_CONVERSION = YES;
				CLANG_WARN_INT_CONVERSION = YES;
				CLANG_WARN_OBJC_ROOT_CLASS = YES_ERROR;
				CLANG_WARN_UNREACHABLE_CODE = YES;
				CLANG_WARN__DUPLICATE_METHOD_MATCH = YES;
				"CODE_SIGN_IDENTITY[sdk=iphoneos*]" = "iPhone Developer";
				COPY_PHASE_STRIP = NO;
				DEBUG_INFORMATION_FORMAT = dwarf;
				ENABLE_STRICT_OBJC_MSGSEND = YES;
				ENABLE_TESTABILITY = YES;
				GCC_C_LANGUAGE_STANDARD = gnu99;
				GCC_DYNAMIC_NO_PIC = NO;
				GCC_NO_COMMON_BLOCKS = YES;
				GCC_OPTIMIZATION_LEVEL = 0;
				GCC_PREPROCESSOR_DEFINITIONS = (
					"DEBUG=1",
					"$(inherited)",
				);
				GCC_WARN_64_TO_32_BIT_CONVERSION = YES;
				GCC_WARN_ABOUT_RETURN_TYPE = YES_ERROR;
				GCC_WARN_UNDECLARED_SELECTOR = YES;
				GCC_WARN_UNINITIALIZED_AUTOS = YES_AGGRESSIVE;
				GCC_WARN_UNUSED_FUNCTION = YES;
				GCC_WARN_UNUSED_VARIABLE = YES;
				IPHONEOS_DEPLOYMENT_TARGET = 9.2;
				MTL_ENABLE_DEBUG_INFO = YES;
				ONLY_ACTIVE_ARCH = YES;
				SDKROOT = iphoneos;
			};
			name = Debug;
		};
		CE76D95C1C586FDE0005A474 /* Release */ = {
			isa = XCBuildConfiguration;
			buildSettings = {
				ALWAYS_SEARCH_USER_PATHS = NO;
				CLANG_CXX_LANGUAGE_STANDARD = "gnu++0x";
				CLANG_CXX_LIBRARY = "libc++";
				CLANG_ENABLE_MODULES = YES;
				CLANG_ENABLE_OBJC_ARC = YES;
				CLANG_WARN_BOOL_CONVERSION = YES;
				CLANG_WARN_CONSTANT_CONVERSION = YES;
				CLANG_WARN_DIRECT_OBJC_ISA_USAGE = YES_ERROR;
				CLANG_WARN_EMPTY_BODY = YES;
				CLANG_WARN_ENUM_CONVERSION = YES;
				CLANG_WARN_INT_CONVERSION = YES;
				CLANG_WARN_OBJC_ROOT_CLASS = YES_ERROR;
				CLANG_WARN_UNREACHABLE_CODE = YES;
				CLANG_WARN__DUPLICATE_METHOD_MATCH = YES;
				"CODE_SIGN_IDENTITY[sdk=iphoneos*]" = "iPhone Developer";
				COPY_PHASE_STRIP = NO;
				DEBUG_INFORMATION_FORMAT = "dwarf-with-dsym";
				ENABLE_NS_ASSERTIONS = NO;
				ENABLE_STRICT_OBJC_MSGSEND = YES;
				GCC_C_LANGUAGE_STANDARD = gnu99;
				GCC_NO_COMMON_BLOCKS = YES;
				GCC_WARN_64_TO_32_BIT_CONVERSION = YES;
				GCC_WARN_ABOUT_RETURN_TYPE = YES_ERROR;
				GCC_WARN_UNDECLARED_SELECTOR = YES;
				GCC_WARN_UNINITIALIZED_AUTOS = YES_AGGRESSIVE;
				GCC_WARN_UNUSED_FUNCTION = YES;
				GCC_WARN_UNUSED_VARIABLE = YES;
				IPHONEOS_DEPLOYMENT_TARGET = 9.2;
				MTL_ENABLE_DEBUG_INFO = NO;
				SDKROOT = iphoneos;
				VALIDATE_PRODUCT = YES;
			};
			name = Release;
		};
		CE76D95E1C586FDE0005A474 /* Debug */ = {
			isa = XCBuildConfiguration;
			buildSettings = {
				ASSETCATALOG_COMPILER_APPICON_NAME = AppIcon;
				INFOPLIST_FILE = "链式block/Info.plist";
				LD_RUNPATH_SEARCH_PATHS = "$(inherited) @executable_path/Frameworks";
				PRODUCT_BUNDLE_IDENTIFIER = "com.eeparking.--block";
				PRODUCT_NAME = "$(TARGET_NAME)";
			};
			name = Debug;
		};
		CE76D95F1C586FDE0005A474 /* Release */ = {
			isa = XCBuildConfiguration;
			buildSettings = {
				ASSETCATALOG_COMPILER_APPICON_NAME = AppIcon;
				INFOPLIST_FILE = "链式block/Info.plist";
				LD_RUNPATH_SEARCH_PATHS = "$(inherited) @executable_path/Frameworks";
				PRODUCT_BUNDLE_IDENTIFIER = "com.eeparking.--block";
				PRODUCT_NAME = "$(TARGET_NAME)";
			};
			name = Release;
		};
/* End XCBuildConfiguration section */

/* Begin XCConfigurationList section */
		CE76D9411C586FDE0005A474 /* Build configuration list for PBXProject "链式block" */ = {
			isa = XCConfigurationList;
			buildConfigurations = (
				CE76D95B1C586FDE0005A474 /* Debug */,
				CE76D95C1C586FDE0005A474 /* Release */,
			);
			defaultConfigurationIsVisible = 0;
			defaultConfigurationName = Release;
		};
		CE76D95D1C586FDE0005A474 /* Build configuration list for PBXNativeTarget "链式block" */ = {
			isa = XCConfigurationList;
			buildConfigurations = (
				CE76D95E1C586FDE0005A474 /* Debug */,
				CE76D95F1C586FDE0005A474 /* Release */,
			);
			defaultConfigurationIsVisible = 0;
		};
/* End XCConfigurationList section */
	};
	rootObject = CE76D93E1C586FDE0005A474 /* Project object */;
}
